// !$*UTF8*$!
{
	archiveVersion = 1;
	classes = {
	};
	objectVersion = 46;
	objects = {

/* Begin PBXBuildFile section */
		3C35F8B51D504393001EEA6E /* TIPlayItem.swift in Sources */ = {isa = PBXBuildFile; fileRef = 3C35F8B41D504393001EEA6E /* TIPlayItem.swift */; };
		3C48EFC71D4E97DC00A250C2 /* UIAlertController+Extension.swift in Sources */ = {isa = PBXBuildFile; fileRef = 3C48EFC61D4E97DC00A250C2 /* UIAlertController+Extension.swift */; };
		3C48EFC91D4EAC4900A250C2 /* ReactiveView.swift in Sources */ = {isa = PBXBuildFile; fileRef = 3C48EFC81D4EAC4900A250C2 /* ReactiveView.swift */; };
		3C4EF3981D4FD8FC00FB651F /* TIBrowseViewController.swift in Sources */ = {isa = PBXBuildFile; fileRef = 3C4EF3971D4FD8FC00FB651F /* TIBrowseViewController.swift */; };
		3C4EF39A1D4FDB5F00FB651F /* TIAudioPlayerViewController.swift in Sources */ = {isa = PBXBuildFile; fileRef = 3C4EF3991D4FDB5F00FB651F /* TIAudioPlayerViewController.swift */; };
		3C4EF39C1D4FF84400FB651F /* TIPlaylistRealm.swift in Sources */ = {isa = PBXBuildFile; fileRef = 3C4EF39B1D4FF84400FB651F /* TIPlaylistRealm.swift */; };
		3C72A2201D52DC3F003F76D9 /* FavoriteListService.swift in Sources */ = {isa = PBXBuildFile; fileRef = 3C72A21F1D52DC3F003F76D9 /* FavoriteListService.swift */; };
		3C72A2221D52DC49003F76D9 /* TIFavoriteListManager.swift in Sources */ = {isa = PBXBuildFile; fileRef = 3C72A2211D52DC49003F76D9 /* TIFavoriteListManager.swift */; };
		3C72A2261D52E410003F76D9 /* TIPlaylist.swift in Sources */ = {isa = PBXBuildFile; fileRef = 3C72A2251D52E410003F76D9 /* TIPlaylist.swift */; };
		3C72A2281D52E759003F76D9 /* TIPlayItemRealm.swift in Sources */ = {isa = PBXBuildFile; fileRef = 3C72A2271D52E759003F76D9 /* TIPlayItemRealm.swift */; };
		3C72A22A1D52E92D003F76D9 /* RealmConvertible.swift in Sources */ = {isa = PBXBuildFile; fileRef = 3C72A2291D52E92D003F76D9 /* RealmConvertible.swift */; };
		3C72A22C1D530187003F76D9 /* TIFavoriteListViewController.swift in Sources */ = {isa = PBXBuildFile; fileRef = 3C72A22B1D530187003F76D9 /* TIFavoriteListViewController.swift */; };
		3C72A22E1D53148F003F76D9 /* TIFavoriteListViewModel.swift in Sources */ = {isa = PBXBuildFile; fileRef = 3C72A22D1D53148F003F76D9 /* TIFavoriteListViewModel.swift */; };
		3C72A2301D538CB7003F76D9 /* Operators.swift in Sources */ = {isa = PBXBuildFile; fileRef = 3C72A22F1D538CB7003F76D9 /* Operators.swift */; };
		3C7B27E91D4D6CE7001D03DD /* UIStoryboard+Extension.swift in Sources */ = {isa = PBXBuildFile; fileRef = 3C7B27E71D4D6CE7001D03DD /* UIStoryboard+Extension.swift */; };
		3C7B27EA1D4D6CE7001D03DD /* UIViewController+Extension.swift in Sources */ = {isa = PBXBuildFile; fileRef = 3C7B27E81D4D6CE7001D03DD /* UIViewController+Extension.swift */; };
		3C7B27EE1D4DA19C001D03DD /* UITableView+Extension.swift in Sources */ = {isa = PBXBuildFile; fileRef = 3C7B27ED1D4DA19C001D03DD /* UITableView+Extension.swift */; };
		3C7B27F01D4DA211001D03DD /* Identifiable.swift in Sources */ = {isa = PBXBuildFile; fileRef = 3C7B27EF1D4DA211001D03DD /* Identifiable.swift */; };
		3C7B27F21D4DA65B001D03DD /* TIBrowseTableViewCell.swift in Sources */ = {isa = PBXBuildFile; fileRef = 3C7B27F11D4DA65B001D03DD /* TIBrowseTableViewCell.swift */; };
		3C8C54061D4C57AB0028C099 /* TIAppDelegate.swift in Sources */ = {isa = PBXBuildFile; fileRef = 3C8C54051D4C57AB0028C099 /* TIAppDelegate.swift */; };
		3C8C540B1D4C57AB0028C099 /* Main.storyboard in Resources */ = {isa = PBXBuildFile; fileRef = 3C8C54091D4C57AB0028C099 /* Main.storyboard */; };
		3C8C540D1D4C57AB0028C099 /* Assets.xcassets in Resources */ = {isa = PBXBuildFile; fileRef = 3C8C540C1D4C57AB0028C099 /* Assets.xcassets */; };
		3C8C54101D4C57AB0028C099 /* LaunchScreen.storyboard in Resources */ = {isa = PBXBuildFile; fileRef = 3C8C540E1D4C57AB0028C099 /* LaunchScreen.storyboard */; };
		3C8C541B1D4C57AB0028C099 /* TICodeChallengeTests.swift in Sources */ = {isa = PBXBuildFile; fileRef = 3C8C541A1D4C57AB0028C099 /* TICodeChallengeTests.swift */; };
		3C8C542D1D4C606B0028C099 /* TINetworkServiceManager.swift in Sources */ = {isa = PBXBuildFile; fileRef = 3C8C542C1D4C606B0028C099 /* TINetworkServiceManager.swift */; };
		3C8C542F1D4C62560028C099 /* Result.swift in Sources */ = {isa = PBXBuildFile; fileRef = 3C8C542E1D4C62560028C099 /* Result.swift */; };
		3C8C54311D4C638A0028C099 /* HttpMethod.swift in Sources */ = {isa = PBXBuildFile; fileRef = 3C8C54301D4C638A0028C099 /* HttpMethod.swift */; };
		3C8C54331D4C66A90028C099 /* JsonDecodable.swift in Sources */ = {isa = PBXBuildFile; fileRef = 3C8C54321D4C66A90028C099 /* JsonDecodable.swift */; };
		3C8C54351D4C6B2D0028C099 /* TIBrowse.swift in Sources */ = {isa = PBXBuildFile; fileRef = 3C8C54341D4C6B2D0028C099 /* TIBrowse.swift */; };
		3C8C54371D4C8B600028C099 /* TILoadingViewController.swift in Sources */ = {isa = PBXBuildFile; fileRef = 3C8C54361D4C8B600028C099 /* TILoadingViewController.swift */; };
		3C8C54401D4CEB240028C099 /* UIColor+Extension.swift in Sources */ = {isa = PBXBuildFile; fileRef = 3C8C543F1D4CEB240028C099 /* UIColor+Extension.swift */; };
		3C8C54421D4CEB490028C099 /* String+Extension.swift in Sources */ = {isa = PBXBuildFile; fileRef = 3C8C54411D4CEB490028C099 /* String+Extension.swift */; };
		3C8C54441D4CEC540028C099 /* Localizable.strings in Resources */ = {isa = PBXBuildFile; fileRef = 3C8C54431D4CEC540028C099 /* Localizable.strings */; };
		3C8C54491D4CED7E0028C099 /* TITheme.swift in Sources */ = {isa = PBXBuildFile; fileRef = 3C8C54481D4CED7E0028C099 /* TITheme.swift */; };
		3C8C544B1D4CED890028C099 /* TIThemeManager.swift in Sources */ = {isa = PBXBuildFile; fileRef = 3C8C544A1D4CED890028C099 /* TIThemeManager.swift */; };
		3C8C544E1D4CEEAE0028C099 /* Theme.swift in Sources */ = {isa = PBXBuildFile; fileRef = 3C8C544D1D4CEEAE0028C099 /* Theme.swift */; };
		3C8C54501D4D1A610028C099 /* TIBrowseViewModel.swift in Sources */ = {isa = PBXBuildFile; fileRef = 3C8C544F1D4D1A610028C099 /* TIBrowseViewModel.swift */; };
		3C92A6181D5290CE002C1FB7 /* NetworkService.swift in Sources */ = {isa = PBXBuildFile; fileRef = 3C92A6171D5290CE002C1FB7 /* NetworkService.swift */; };
		3C92A61A1D52924B002C1FB7 /* AudioPlaybackService.swift in Sources */ = {isa = PBXBuildFile; fileRef = 3C92A6191D52924B002C1FB7 /* AudioPlaybackService.swift */; };
		3CD156001D511B7800EEF772 /* TIAudioPlaybackManager.swift in Sources */ = {isa = PBXBuildFile; fileRef = 3CD155FF1D511B7800EEF772 /* TIAudioPlaybackManager.swift */; };
		49F643F04885952E933ECD95 /* Pods_TuneOut.framework in Frameworks */ = {isa = PBXBuildFile; fileRef = C804AFE2D7B1A3A8F3A1281A /* Pods_TuneOut.framework */; };
		7C6DAADDA84979EA5FF8167B /* Pods_TuneOutTests.framework in Frameworks */ = {isa = PBXBuildFile; fileRef = 0CDF714B062E04CCF60C7758 /* Pods_TuneOutTests.framework */; };
/* End PBXBuildFile section */

/* Begin PBXContainerItemProxy section */
		3C8C54171D4C57AB0028C099 /* PBXContainerItemProxy */ = {
			isa = PBXContainerItemProxy;
			containerPortal = 3C8C53FA1D4C57AB0028C099 /* Project object */;
			proxyType = 1;
			remoteGlobalIDString = 3C8C54011D4C57AB0028C099;
			remoteInfo = TICodeChallenge;
		};
/* End PBXContainerItemProxy section */

/* Begin PBXFileReference section */
		03B3BCDE6D7714ADF4F845A2 /* Pods-TuneOutTests.release.xcconfig */ = {isa = PBXFileReference; includeInIndex = 1; lastKnownFileType = text.xcconfig; name = "Pods-TuneOutTests.release.xcconfig"; path = "Pods/Target Support Files/Pods-TuneOutTests/Pods-TuneOutTests.release.xcconfig"; sourceTree = "<group>"; };
		0CDF714B062E04CCF60C7758 /* Pods_TuneOutTests.framework */ = {isa = PBXFileReference; explicitFileType = wrapper.framework; includeInIndex = 0; path = Pods_TuneOutTests.framework; sourceTree = BUILT_PRODUCTS_DIR; };
		3317C046E3F8AD7CA4DDD5C8 /* Pods-TuneOut.debug.xcconfig */ = {isa = PBXFileReference; includeInIndex = 1; lastKnownFileType = text.xcconfig; name = "Pods-TuneOut.debug.xcconfig"; path = "Pods/Target Support Files/Pods-TuneOut/Pods-TuneOut.debug.xcconfig"; sourceTree = "<group>"; };
		3C35F8B41D504393001EEA6E /* TIPlayItem.swift */ = {isa = PBXFileReference; fileEncoding = 4; lastKnownFileType = sourcecode.swift; path = TIPlayItem.swift; sourceTree = "<group>"; };
		3C48EFC61D4E97DC00A250C2 /* UIAlertController+Extension.swift */ = {isa = PBXFileReference; fileEncoding = 4; lastKnownFileType = sourcecode.swift; path = "UIAlertController+Extension.swift"; sourceTree = "<group>"; };
		3C48EFC81D4EAC4900A250C2 /* ReactiveView.swift */ = {isa = PBXFileReference; fileEncoding = 4; lastKnownFileType = sourcecode.swift; path = ReactiveView.swift; sourceTree = "<group>"; };
		3C4EF3971D4FD8FC00FB651F /* TIBrowseViewController.swift */ = {isa = PBXFileReference; fileEncoding = 4; lastKnownFileType = sourcecode.swift; path = TIBrowseViewController.swift; sourceTree = "<group>"; };
		3C4EF3991D4FDB5F00FB651F /* TIAudioPlayerViewController.swift */ = {isa = PBXFileReference; fileEncoding = 4; lastKnownFileType = sourcecode.swift; path = TIAudioPlayerViewController.swift; sourceTree = "<group>"; };
		3C4EF39B1D4FF84400FB651F /* TIPlaylistRealm.swift */ = {isa = PBXFileReference; fileEncoding = 4; lastKnownFileType = sourcecode.swift; path = TIPlaylistRealm.swift; sourceTree = "<group>"; };
		3C72A21F1D52DC3F003F76D9 /* FavoriteListService.swift */ = {isa = PBXFileReference; fileEncoding = 4; lastKnownFileType = sourcecode.swift; path = FavoriteListService.swift; sourceTree = "<group>"; };
		3C72A2211D52DC49003F76D9 /* TIFavoriteListManager.swift */ = {isa = PBXFileReference; fileEncoding = 4; lastKnownFileType = sourcecode.swift; path = TIFavoriteListManager.swift; sourceTree = "<group>"; };
		3C72A2251D52E410003F76D9 /* TIPlaylist.swift */ = {isa = PBXFileReference; fileEncoding = 4; lastKnownFileType = sourcecode.swift; path = TIPlaylist.swift; sourceTree = "<group>"; };
		3C72A2271D52E759003F76D9 /* TIPlayItemRealm.swift */ = {isa = PBXFileReference; fileEncoding = 4; lastKnownFileType = sourcecode.swift; path = TIPlayItemRealm.swift; sourceTree = "<group>"; };
		3C72A2291D52E92D003F76D9 /* RealmConvertible.swift */ = {isa = PBXFileReference; fileEncoding = 4; lastKnownFileType = sourcecode.swift; path = RealmConvertible.swift; sourceTree = "<group>"; };
		3C72A22B1D530187003F76D9 /* TIFavoriteListViewController.swift */ = {isa = PBXFileReference; fileEncoding = 4; lastKnownFileType = sourcecode.swift; path = TIFavoriteListViewController.swift; sourceTree = "<group>"; };
		3C72A22D1D53148F003F76D9 /* TIFavoriteListViewModel.swift */ = {isa = PBXFileReference; fileEncoding = 4; lastKnownFileType = sourcecode.swift; path = TIFavoriteListViewModel.swift; sourceTree = "<group>"; };
		3C72A22F1D538CB7003F76D9 /* Operators.swift */ = {isa = PBXFileReference; fileEncoding = 4; lastKnownFileType = sourcecode.swift; path = Operators.swift; sourceTree = "<group>"; };
		3C7B27E71D4D6CE7001D03DD /* UIStoryboard+Extension.swift */ = {isa = PBXFileReference; fileEncoding = 4; lastKnownFileType = sourcecode.swift; path = "UIStoryboard+Extension.swift"; sourceTree = "<group>"; };
		3C7B27E81D4D6CE7001D03DD /* UIViewController+Extension.swift */ = {isa = PBXFileReference; fileEncoding = 4; lastKnownFileType = sourcecode.swift; path = "UIViewController+Extension.swift"; sourceTree = "<group>"; };
		3C7B27ED1D4DA19C001D03DD /* UITableView+Extension.swift */ = {isa = PBXFileReference; fileEncoding = 4; lastKnownFileType = sourcecode.swift; path = "UITableView+Extension.swift"; sourceTree = "<group>"; };
		3C7B27EF1D4DA211001D03DD /* Identifiable.swift */ = {isa = PBXFileReference; fileEncoding = 4; lastKnownFileType = sourcecode.swift; path = Identifiable.swift; sourceTree = "<group>"; };
		3C7B27F11D4DA65B001D03DD /* TIBrowseTableViewCell.swift */ = {isa = PBXFileReference; fileEncoding = 4; lastKnownFileType = sourcecode.swift; path = TIBrowseTableViewCell.swift; sourceTree = "<group>"; };
		3C8C54021D4C57AB0028C099 /* TuneOut.app */ = {isa = PBXFileReference; explicitFileType = wrapper.application; includeInIndex = 0; path = TuneOut.app; sourceTree = BUILT_PRODUCTS_DIR; };
		3C8C54051D4C57AB0028C099 /* TIAppDelegate.swift */ = {isa = PBXFileReference; lastKnownFileType = sourcecode.swift; path = TIAppDelegate.swift; sourceTree = "<group>"; };
		3C8C540A1D4C57AB0028C099 /* Base */ = {isa = PBXFileReference; lastKnownFileType = file.storyboard; name = Base; path = Base.lproj/Main.storyboard; sourceTree = "<group>"; };
		3C8C540C1D4C57AB0028C099 /* Assets.xcassets */ = {isa = PBXFileReference; lastKnownFileType = folder.assetcatalog; path = Assets.xcassets; sourceTree = "<group>"; };
		3C8C540F1D4C57AB0028C099 /* Base */ = {isa = PBXFileReference; lastKnownFileType = file.storyboard; name = Base; path = Base.lproj/LaunchScreen.storyboard; sourceTree = "<group>"; };
		3C8C54111D4C57AB0028C099 /* Info.plist */ = {isa = PBXFileReference; lastKnownFileType = text.plist.xml; path = Info.plist; sourceTree = "<group>"; };
		3C8C54161D4C57AB0028C099 /* TuneOut.xctest */ = {isa = PBXFileReference; explicitFileType = wrapper.cfbundle; includeInIndex = 0; path = TuneOut.xctest; sourceTree = BUILT_PRODUCTS_DIR; };
		3C8C541A1D4C57AB0028C099 /* TICodeChallengeTests.swift */ = {isa = PBXFileReference; lastKnownFileType = sourcecode.swift; path = TICodeChallengeTests.swift; sourceTree = "<group>"; };
		3C8C541C1D4C57AB0028C099 /* Info.plist */ = {isa = PBXFileReference; lastKnownFileType = text.plist.xml; path = Info.plist; sourceTree = "<group>"; };
		3C8C542C1D4C606B0028C099 /* TINetworkServiceManager.swift */ = {isa = PBXFileReference; fileEncoding = 4; lastKnownFileType = sourcecode.swift; path = TINetworkServiceManager.swift; sourceTree = "<group>"; };
		3C8C542E1D4C62560028C099 /* Result.swift */ = {isa = PBXFileReference; fileEncoding = 4; lastKnownFileType = sourcecode.swift; path = Result.swift; sourceTree = "<group>"; };
		3C8C54301D4C638A0028C099 /* HttpMethod.swift */ = {isa = PBXFileReference; fileEncoding = 4; lastKnownFileType = sourcecode.swift; path = HttpMethod.swift; sourceTree = "<group>"; };
		3C8C54321D4C66A90028C099 /* JsonDecodable.swift */ = {isa = PBXFileReference; fileEncoding = 4; lastKnownFileType = sourcecode.swift; path = JsonDecodable.swift; sourceTree = "<group>"; };
		3C8C54341D4C6B2D0028C099 /* TIBrowse.swift */ = {isa = PBXFileReference; fileEncoding = 4; lastKnownFileType = sourcecode.swift; path = TIBrowse.swift; sourceTree = "<group>"; };
		3C8C54361D4C8B600028C099 /* TILoadingViewController.swift */ = {isa = PBXFileReference; fileEncoding = 4; lastKnownFileType = sourcecode.swift; path = TILoadingViewController.swift; sourceTree = "<group>"; };
		3C8C543F1D4CEB240028C099 /* UIColor+Extension.swift */ = {isa = PBXFileReference; fileEncoding = 4; lastKnownFileType = sourcecode.swift; path = "UIColor+Extension.swift"; sourceTree = "<group>"; };
		3C8C54411D4CEB490028C099 /* String+Extension.swift */ = {isa = PBXFileReference; fileEncoding = 4; lastKnownFileType = sourcecode.swift; path = "String+Extension.swift"; sourceTree = "<group>"; };
		3C8C54431D4CEC540028C099 /* Localizable.strings */ = {isa = PBXFileReference; fileEncoding = 4; lastKnownFileType = text.plist.strings; path = Localizable.strings; sourceTree = "<group>"; };
		3C8C54481D4CED7E0028C099 /* TITheme.swift */ = {isa = PBXFileReference; fileEncoding = 4; lastKnownFileType = sourcecode.swift; path = TITheme.swift; sourceTree = "<group>"; };
		3C8C544A1D4CED890028C099 /* TIThemeManager.swift */ = {isa = PBXFileReference; fileEncoding = 4; lastKnownFileType = sourcecode.swift; path = TIThemeManager.swift; sourceTree = "<group>"; };
		3C8C544D1D4CEEAE0028C099 /* Theme.swift */ = {isa = PBXFileReference; fileEncoding = 4; lastKnownFileType = sourcecode.swift; path = Theme.swift; sourceTree = "<group>"; };
		3C8C544F1D4D1A610028C099 /* TIBrowseViewModel.swift */ = {isa = PBXFileReference; fileEncoding = 4; lastKnownFileType = sourcecode.swift; path = TIBrowseViewModel.swift; sourceTree = "<group>"; };
		3C92A6171D5290CE002C1FB7 /* NetworkService.swift */ = {isa = PBXFileReference; fileEncoding = 4; lastKnownFileType = sourcecode.swift; path = NetworkService.swift; sourceTree = "<group>"; };
		3C92A6191D52924B002C1FB7 /* AudioPlaybackService.swift */ = {isa = PBXFileReference; fileEncoding = 4; lastKnownFileType = sourcecode.swift; path = AudioPlaybackService.swift; sourceTree = "<group>"; };
		3CD155FF1D511B7800EEF772 /* TIAudioPlaybackManager.swift */ = {isa = PBXFileReference; fileEncoding = 4; lastKnownFileType = sourcecode.swift; path = TIAudioPlaybackManager.swift; sourceTree = "<group>"; };
		55E1EC62A3F956C76ADBFFFD /* Pods-TuneOutTests.debug.xcconfig */ = {isa = PBXFileReference; includeInIndex = 1; lastKnownFileType = text.xcconfig; name = "Pods-TuneOutTests.debug.xcconfig"; path = "Pods/Target Support Files/Pods-TuneOutTests/Pods-TuneOutTests.debug.xcconfig"; sourceTree = "<group>"; };
		77B434331299FFBE4DF83E6B /* Pods-TuneOut.release.xcconfig */ = {isa = PBXFileReference; includeInIndex = 1; lastKnownFileType = text.xcconfig; name = "Pods-TuneOut.release.xcconfig"; path = "Pods/Target Support Files/Pods-TuneOut/Pods-TuneOut.release.xcconfig"; sourceTree = "<group>"; };
		C804AFE2D7B1A3A8F3A1281A /* Pods_TuneOut.framework */ = {isa = PBXFileReference; explicitFileType = wrapper.framework; includeInIndex = 0; path = Pods_TuneOut.framework; sourceTree = BUILT_PRODUCTS_DIR; };
/* End PBXFileReference section */

/* Begin PBXFrameworksBuildPhase section */
		3C8C53FF1D4C57AB0028C099 /* Frameworks */ = {
			isa = PBXFrameworksBuildPhase;
			buildActionMask = 2147483647;
			files = (
				49F643F04885952E933ECD95 /* Pods_TuneOut.framework in Frameworks */,
			);
			runOnlyForDeploymentPostprocessing = 0;
		};
		3C8C54131D4C57AB0028C099 /* Frameworks */ = {
			isa = PBXFrameworksBuildPhase;
			buildActionMask = 2147483647;
			files = (
				7C6DAADDA84979EA5FF8167B /* Pods_TuneOutTests.framework in Frameworks */,
			);
			runOnlyForDeploymentPostprocessing = 0;
		};
/* End PBXFrameworksBuildPhase section */

/* Begin PBXGroup section */
		3C4EF39D1D4FF84900FB651F /* Realm */ = {
			isa = PBXGroup;
			children = (
				3C4EF39B1D4FF84400FB651F /* TIPlaylistRealm.swift */,
				3C72A2271D52E759003F76D9 /* TIPlayItemRealm.swift */,
			);
			name = Realm;
			sourceTree = "<group>";
		};
		3C72A2171D52D529003F76D9 /* Network */ = {
			isa = PBXGroup;
			children = (
				3C92A6171D5290CE002C1FB7 /* NetworkService.swift */,
				3C8C542C1D4C606B0028C099 /* TINetworkServiceManager.swift */,
			);
			name = Network;
			sourceTree = "<group>";
		};
		3C72A2181D52D52F003F76D9 /* Audio */ = {
			isa = PBXGroup;
			children = (
				3C92A6191D52924B002C1FB7 /* AudioPlaybackService.swift */,
				3CD155FF1D511B7800EEF772 /* TIAudioPlaybackManager.swift */,
			);
			name = Audio;
			sourceTree = "<group>";
		};
		3C72A2191D52D536003F76D9 /* Playlist */ = {
			isa = PBXGroup;
			children = (
				3C72A21F1D52DC3F003F76D9 /* FavoriteListService.swift */,
				3C72A2211D52DC49003F76D9 /* TIFavoriteListManager.swift */,
			);
			name = Playlist;
			sourceTree = "<group>";
		};
		3C7B27EB1D4D6CF7001D03DD /* Model */ = {
			isa = PBXGroup;
			children = (
				3C4EF39D1D4FF84900FB651F /* Realm */,
				3C8C54341D4C6B2D0028C099 /* TIBrowse.swift */,
				3C72A2251D52E410003F76D9 /* TIPlaylist.swift */,
				3C35F8B41D504393001EEA6E /* TIPlayItem.swift */,
			);
			name = Model;
			sourceTree = "<group>";
		};
		3C7B27EC1D4D6CFE001D03DD /* ViewModel */ = {
			isa = PBXGroup;
			children = (
				3C8C544F1D4D1A610028C099 /* TIBrowseViewModel.swift */,
				3C72A22D1D53148F003F76D9 /* TIFavoriteListViewModel.swift */,
			);
			name = ViewModel;
			sourceTree = "<group>";
		};
		3C7B27F31D4DA98C001D03DD /* Cell */ = {
			isa = PBXGroup;
			children = (
				3C7B27F11D4DA65B001D03DD /* TIBrowseTableViewCell.swift */,
			);
			name = Cell;
			sourceTree = "<group>";
		};
		3C8C53F91D4C57AB0028C099 = {
			isa = PBXGroup;
			children = (
				3C8C54041D4C57AB0028C099 /* TICodeChallenge */,
				3C8C54191D4C57AB0028C099 /* TICodeChallengeTests */,
				3C8C54031D4C57AB0028C099 /* Products */,
				8B2538F21A97470FC30A9125 /* Pods */,
				4DB3EAAA6B1331F4930900BD /* Frameworks */,
			);
			sourceTree = "<group>";
		};
		3C8C54031D4C57AB0028C099 /* Products */ = {
			isa = PBXGroup;
			children = (
				3C8C54021D4C57AB0028C099 /* TuneOut.app */,
				3C8C54161D4C57AB0028C099 /* TuneOut.xctest */,
			);
			name = Products;
			sourceTree = "<group>";
		};
		3C8C54041D4C57AB0028C099 /* TICodeChallenge */ = {
			isa = PBXGroup;
			children = (
				3C8C54051D4C57AB0028C099 /* TIAppDelegate.swift */,
				3C8C54251D4C5B370028C099 /* Service */,
				3C7B27EB1D4D6CF7001D03DD /* Model */,
				3C7B27EC1D4D6CFE001D03DD /* ViewModel */,
				3C8C543A1D4CE2950028C099 /* ViewController */,
				3C7B27F31D4DA98C001D03DD /* Cell */,
				3C8C54461D4CEC6F0028C099 /* Storyboard */,
				3C8C544C1D4CED8E0028C099 /* Theme */,
				3C8C54451D4CEC5C0028C099 /* Extension+Protocol */,
				3C8C54471D4CEC910028C099 /* Support File */,
				3C72A22F1D538CB7003F76D9 /* Operators.swift */,
			);
			path = TICodeChallenge;
			sourceTree = "<group>";
		};
		3C8C54191D4C57AB0028C099 /* TICodeChallengeTests */ = {
			isa = PBXGroup;
			children = (
				3C8C541A1D4C57AB0028C099 /* TICodeChallengeTests.swift */,
				3C8C541C1D4C57AB0028C099 /* Info.plist */,
			);
			path = TICodeChallengeTests;
			sourceTree = "<group>";
		};
		3C8C54251D4C5B370028C099 /* Service */ = {
			isa = PBXGroup;
			children = (
				3C72A2191D52D536003F76D9 /* Playlist */,
				3C72A2171D52D529003F76D9 /* Network */,
				3C72A2181D52D52F003F76D9 /* Audio */,
				3C8C542E1D4C62560028C099 /* Result.swift */,
				3C8C54301D4C638A0028C099 /* HttpMethod.swift */,
				3C8C54321D4C66A90028C099 /* JsonDecodable.swift */,
			);
			name = Service;
			sourceTree = "<group>";
		};
		3C8C543A1D4CE2950028C099 /* ViewController */ = {
			isa = PBXGroup;
			children = (
				3C8C54361D4C8B600028C099 /* TILoadingViewController.swift */,
				3C4EF3971D4FD8FC00FB651F /* TIBrowseViewController.swift */,
				3C4EF3991D4FDB5F00FB651F /* TIAudioPlayerViewController.swift */,
				3C72A22B1D530187003F76D9 /* TIFavoriteListViewController.swift */,
			);
			name = ViewController;
			sourceTree = "<group>";
		};
		3C8C54451D4CEC5C0028C099 /* Extension+Protocol */ = {
			isa = PBXGroup;
			children = (
				3C8C543F1D4CEB240028C099 /* UIColor+Extension.swift */,
				3C8C54411D4CEB490028C099 /* String+Extension.swift */,
				3C7B27E71D4D6CE7001D03DD /* UIStoryboard+Extension.swift */,
				3C7B27E81D4D6CE7001D03DD /* UIViewController+Extension.swift */,
				3C7B27ED1D4DA19C001D03DD /* UITableView+Extension.swift */,
				3C48EFC61D4E97DC00A250C2 /* UIAlertController+Extension.swift */,
				3C7B27EF1D4DA211001D03DD /* Identifiable.swift */,
				3C48EFC81D4EAC4900A250C2 /* ReactiveView.swift */,
				3C72A2291D52E92D003F76D9 /* RealmConvertible.swift */,
			);
			name = "Extension+Protocol";
			sourceTree = "<group>";
		};
		3C8C54461D4CEC6F0028C099 /* Storyboard */ = {
			isa = PBXGroup;
			children = (
				3C8C54091D4C57AB0028C099 /* Main.storyboard */,
				3C8C540E1D4C57AB0028C099 /* LaunchScreen.storyboard */,
			);
			name = Storyboard;
			sourceTree = "<group>";
		};
		3C8C54471D4CEC910028C099 /* Support File */ = {
			isa = PBXGroup;
			children = (
				3C8C540C1D4C57AB0028C099 /* Assets.xcassets */,
				3C8C54111D4C57AB0028C099 /* Info.plist */,
				3C8C54431D4CEC540028C099 /* Localizable.strings */,
			);
			name = "Support File";
			sourceTree = "<group>";
		};
		3C8C544C1D4CED8E0028C099 /* Theme */ = {
			isa = PBXGroup;
			children = (
				3C8C544D1D4CEEAE0028C099 /* Theme.swift */,
				3C8C54481D4CED7E0028C099 /* TITheme.swift */,
				3C8C544A1D4CED890028C099 /* TIThemeManager.swift */,
			);
			name = Theme;
			sourceTree = "<group>";
		};
		4DB3EAAA6B1331F4930900BD /* Frameworks */ = {
			isa = PBXGroup;
			children = (
				C804AFE2D7B1A3A8F3A1281A /* Pods_TuneOut.framework */,
				0CDF714B062E04CCF60C7758 /* Pods_TuneOutTests.framework */,
			);
			name = Frameworks;
			sourceTree = "<group>";
		};
		8B2538F21A97470FC30A9125 /* Pods */ = {
			isa = PBXGroup;
			children = (
				3317C046E3F8AD7CA4DDD5C8 /* Pods-TuneOut.debug.xcconfig */,
				77B434331299FFBE4DF83E6B /* Pods-TuneOut.release.xcconfig */,
				55E1EC62A3F956C76ADBFFFD /* Pods-TuneOutTests.debug.xcconfig */,
				03B3BCDE6D7714ADF4F845A2 /* Pods-TuneOutTests.release.xcconfig */,
			);
			name = Pods;
			sourceTree = "<group>";
		};
/* End PBXGroup section */

/* Begin PBXNativeTarget section */
		3C8C54011D4C57AB0028C099 /* TuneOut */ = {
			isa = PBXNativeTarget;
			buildConfigurationList = 3C8C541F1D4C57AB0028C099 /* Build configuration list for PBXNativeTarget "TuneOut" */;
			buildPhases = (
				798B18C50BEAC61B8514DC70 /* [CP] Check Pods Manifest.lock */,
				3C8C53FE1D4C57AB0028C099 /* Sources */,
				3C8C53FF1D4C57AB0028C099 /* Frameworks */,
				3C8C54001D4C57AB0028C099 /* Resources */,
				67615ED9FAD7A620B90DC10E /* [CP] Embed Pods Frameworks */,
				492479665E2B5ECE5209F476 /* [CP] Copy Pods Resources */,
			);
			buildRules = (
			);
			dependencies = (
			);
			name = TuneOut;
			productName = TICodeChallenge;
			productReference = 3C8C54021D4C57AB0028C099 /* TuneOut.app */;
			productType = "com.apple.product-type.application";
		};
		3C8C54151D4C57AB0028C099 /* TuneOutTests */ = {
			isa = PBXNativeTarget;
			buildConfigurationList = 3C8C54221D4C57AB0028C099 /* Build configuration list for PBXNativeTarget "TuneOutTests" */;
			buildPhases = (
				C2AE7590F345559FD0ADA222 /* [CP] Check Pods Manifest.lock */,
				3C8C54121D4C57AB0028C099 /* Sources */,
				3C8C54131D4C57AB0028C099 /* Frameworks */,
				3C8C54141D4C57AB0028C099 /* Resources */,
				E87431E11A8A1C304E8DA3D7 /* [CP] Embed Pods Frameworks */,
				CBB618F4DE653D15C0AA458E /* [CP] Copy Pods Resources */,
			);
			buildRules = (
			);
			dependencies = (
				3C8C54181D4C57AB0028C099 /* PBXTargetDependency */,
			);
			name = TuneOutTests;
			productName = TICodeChallengeTests;
			productReference = 3C8C54161D4C57AB0028C099 /* TuneOut.xctest */;
			productType = "com.apple.product-type.bundle.unit-test";
		};
/* End PBXNativeTarget section */

/* Begin PBXProject section */
		3C8C53FA1D4C57AB0028C099 /* Project object */ = {
			isa = PBXProject;
			attributes = {
				LastSwiftUpdateCheck = 0730;
				LastUpgradeCheck = 0730;
				ORGANIZATIONNAME = "Yongjun Yoo";
				TargetAttributes = {
					3C8C54011D4C57AB0028C099 = {
						CreatedOnToolsVersion = 7.3;
						DevelopmentTeam = 355568SM4Q;
						SystemCapabilities = {
							com.apple.BackgroundModes = {
								enabled = 1;
							};
						};
					};
					3C8C54151D4C57AB0028C099 = {
						CreatedOnToolsVersion = 7.3;
						TestTargetID = 3C8C54011D4C57AB0028C099;
					};
				};
			};
			buildConfigurationList = 3C8C53FD1D4C57AB0028C099 /* Build configuration list for PBXProject "TuneOut" */;
			compatibilityVersion = "Xcode 3.2";
			developmentRegion = English;
			hasScannedForEncodings = 0;
			knownRegions = (
				en,
				Base,
			);
			mainGroup = 3C8C53F91D4C57AB0028C099;
			productRefGroup = 3C8C54031D4C57AB0028C099 /* Products */;
			projectDirPath = "";
			projectRoot = "";
			targets = (
				3C8C54011D4C57AB0028C099 /* TuneOut */,
				3C8C54151D4C57AB0028C099 /* TuneOutTests */,
			);
		};
/* End PBXProject section */

/* Begin PBXResourcesBuildPhase section */
		3C8C54001D4C57AB0028C099 /* Resources */ = {
			isa = PBXResourcesBuildPhase;
			buildActionMask = 2147483647;
			files = (
				3C8C54101D4C57AB0028C099 /* LaunchScreen.storyboard in Resources */,
				3C8C54441D4CEC540028C099 /* Localizable.strings in Resources */,
				3C8C540D1D4C57AB0028C099 /* Assets.xcassets in Resources */,
				3C8C540B1D4C57AB0028C099 /* Main.storyboard in Resources */,
			);
			runOnlyForDeploymentPostprocessing = 0;
		};
		3C8C54141D4C57AB0028C099 /* Resources */ = {
			isa = PBXResourcesBuildPhase;
			buildActionMask = 2147483647;
			files = (
			);
			runOnlyForDeploymentPostprocessing = 0;
		};
/* End PBXResourcesBuildPhase section */

/* Begin PBXShellScriptBuildPhase section */
		492479665E2B5ECE5209F476 /* [CP] Copy Pods Resources */ = {
			isa = PBXShellScriptBuildPhase;
			buildActionMask = 2147483647;
			files = (
			);
			inputPaths = (
			);
			name = "[CP] Copy Pods Resources";
			outputPaths = (
			);
			runOnlyForDeploymentPostprocessing = 0;
			shellPath = /bin/sh;
			shellScript = "\"${SRCROOT}/Pods/Target Support Files/Pods-TuneOut/Pods-TuneOut-resources.sh\"\n";
			showEnvVarsInLog = 0;
		};
		67615ED9FAD7A620B90DC10E /* [CP] Embed Pods Frameworks */ = {
			isa = PBXShellScriptBuildPhase;
			buildActionMask = 2147483647;
			files = (
			);
			inputPaths = (
			);
			name = "[CP] Embed Pods Frameworks";
			outputPaths = (
			);
			runOnlyForDeploymentPostprocessing = 0;
			shellPath = /bin/sh;
			shellScript = "\"${SRCROOT}/Pods/Target Support Files/Pods-TuneOut/Pods-TuneOut-frameworks.sh\"\n";
			showEnvVarsInLog = 0;
		};
		798B18C50BEAC61B8514DC70 /* [CP] Check Pods Manifest.lock */ = {
			isa = PBXShellScriptBuildPhase;
			buildActionMask = 2147483647;
			files = (
			);
			inputPaths = (
			);
			name = "[CP] Check Pods Manifest.lock";
			outputPaths = (
			);
			runOnlyForDeploymentPostprocessing = 0;
			shellPath = /bin/sh;
			shellScript = "diff \"${PODS_ROOT}/../Podfile.lock\" \"${PODS_ROOT}/Manifest.lock\" > /dev/null\nif [[ $? != 0 ]] ; then\n    cat << EOM\nerror: The sandbox is not in sync with the Podfile.lock. Run 'pod install' or update your CocoaPods installation.\nEOM\n    exit 1\nfi\n";
			showEnvVarsInLog = 0;
		};
		C2AE7590F345559FD0ADA222 /* [CP] Check Pods Manifest.lock */ = {
			isa = PBXShellScriptBuildPhase;
			buildActionMask = 2147483647;
			files = (
			);
			inputPaths = (
			);
			name = "[CP] Check Pods Manifest.lock";
			outputPaths = (
			);
			runOnlyForDeploymentPostprocessing = 0;
			shellPath = /bin/sh;
			shellScript = "diff \"${PODS_ROOT}/../Podfile.lock\" \"${PODS_ROOT}/Manifest.lock\" > /dev/null\nif [[ $? != 0 ]] ; then\n    cat << EOM\nerror: The sandbox is not in sync with the Podfile.lock. Run 'pod install' or update your CocoaPods installation.\nEOM\n    exit 1\nfi\n";
			showEnvVarsInLog = 0;
		};
		CBB618F4DE653D15C0AA458E /* [CP] Copy Pods Resources */ = {
			isa = PBXShellScriptBuildPhase;
			buildActionMask = 2147483647;
			files = (
			);
			inputPaths = (
			);
			name = "[CP] Copy Pods Resources";
			outputPaths = (
			);
			runOnlyForDeploymentPostprocessing = 0;
			shellPath = /bin/sh;
			shellScript = "\"${SRCROOT}/Pods/Target Support Files/Pods-TuneOutTests/Pods-TuneOutTests-resources.sh\"\n";
			showEnvVarsInLog = 0;
		};
		E87431E11A8A1C304E8DA3D7 /* [CP] Embed Pods Frameworks */ = {
			isa = PBXShellScriptBuildPhase;
			buildActionMask = 2147483647;
			files = (
			);
			inputPaths = (
			);
			name = "[CP] Embed Pods Frameworks";
			outputPaths = (
			);
			runOnlyForDeploymentPostprocessing = 0;
			shellPath = /bin/sh;
			shellScript = "\"${SRCROOT}/Pods/Target Support Files/Pods-TuneOutTests/Pods-TuneOutTests-frameworks.sh\"\n";
			showEnvVarsInLog = 0;
		};
/* End PBXShellScriptBuildPhase section */

/* Begin PBXSourcesBuildPhase section */
		3C8C53FE1D4C57AB0028C099 /* Sources */ = {
			isa = PBXSourcesBuildPhase;
			buildActionMask = 2147483647;
			files = (
				3C7B27EA1D4D6CE7001D03DD /* UIViewController+Extension.swift in Sources */,
				3C8C54371D4C8B600028C099 /* TILoadingViewController.swift in Sources */,
				3C8C542F1D4C62560028C099 /* Result.swift in Sources */,
				3C72A2281D52E759003F76D9 /* TIPlayItemRealm.swift in Sources */,
				3C8C544B1D4CED890028C099 /* TIThemeManager.swift in Sources */,
				3C72A22E1D53148F003F76D9 /* TIFavoriteListViewModel.swift in Sources */,
				3C7B27EE1D4DA19C001D03DD /* UITableView+Extension.swift in Sources */,
				3C8C54401D4CEB240028C099 /* UIColor+Extension.swift in Sources */,
				3C72A2261D52E410003F76D9 /* TIPlaylist.swift in Sources */,
				3C35F8B51D504393001EEA6E /* TIPlayItem.swift in Sources */,
				3C8C54421D4CEB490028C099 /* String+Extension.swift in Sources */,
				3C8C54311D4C638A0028C099 /* HttpMethod.swift in Sources */,
				3C8C544E1D4CEEAE0028C099 /* Theme.swift in Sources */,
				3C7B27F21D4DA65B001D03DD /* TIBrowseTableViewCell.swift in Sources */,
				3C8C54331D4C66A90028C099 /* JsonDecodable.swift in Sources */,
				3C4EF39A1D4FDB5F00FB651F /* TIAudioPlayerViewController.swift in Sources */,
				3C72A2301D538CB7003F76D9 /* Operators.swift in Sources */,
				3C4EF39C1D4FF84400FB651F /* TIPlaylistRealm.swift in Sources */,
				3C48EFC91D4EAC4900A250C2 /* ReactiveView.swift in Sources */,
				3C72A22A1D52E92D003F76D9 /* RealmConvertible.swift in Sources */,
				3C72A2201D52DC3F003F76D9 /* FavoriteListService.swift in Sources */,
				3C8C54501D4D1A610028C099 /* TIBrowseViewModel.swift in Sources */,
				3CD156001D511B7800EEF772 /* TIAudioPlaybackManager.swift in Sources */,
				3C72A2221D52DC49003F76D9 /* TIFavoriteListManager.swift in Sources */,
				3C48EFC71D4E97DC00A250C2 /* UIAlertController+Extension.swift in Sources */,
				3C8C542D1D4C606B0028C099 /* TINetworkServiceManager.swift in Sources */,
				3C72A22C1D530187003F76D9 /* TIFavoriteListViewController.swift in Sources */,
				3C7B27F01D4DA211001D03DD /* Identifiable.swift in Sources */,
				3C8C54351D4C6B2D0028C099 /* TIBrowse.swift in Sources */,
				3C92A61A1D52924B002C1FB7 /* AudioPlaybackService.swift in Sources */,
				3C4EF3981D4FD8FC00FB651F /* TIBrowseViewController.swift in Sources */,
				3C8C54061D4C57AB0028C099 /* TIAppDelegate.swift in Sources */,
				3C8C54491D4CED7E0028C099 /* TITheme.swift in Sources */,
				3C92A6181D5290CE002C1FB7 /* NetworkService.swift in Sources */,
				3C7B27E91D4D6CE7001D03DD /* UIStoryboard+Extension.swift in Sources */,
			);
			runOnlyForDeploymentPostprocessing = 0;
		};
		3C8C54121D4C57AB0028C099 /* Sources */ = {
			isa = PBXSourcesBuildPhase;
			buildActionMask = 2147483647;
			files = (
				3C8C541B1D4C57AB0028C099 /* TICodeChallengeTests.swift in Sources */,
			);
			runOnlyForDeploymentPostprocessing = 0;
		};
/* End PBXSourcesBuildPhase section */

/* Begin PBXTargetDependency section */
		3C8C54181D4C57AB0028C099 /* PBXTargetDependency */ = {
			isa = PBXTargetDependency;
			target = 3C8C54011D4C57AB0028C099 /* TuneOut */;
			targetProxy = 3C8C54171D4C57AB0028C099 /* PBXContainerItemProxy */;
		};
/* End PBXTargetDependency section */

/* Begin PBXVariantGroup section */
		3C8C54091D4C57AB0028C099 /* Main.storyboard */ = {
			isa = PBXVariantGroup;
			children = (
				3C8C540A1D4C57AB0028C099 /* Base */,
			);
			name = Main.storyboard;
			sourceTree = "<group>";
		};
		3C8C540E1D4C57AB0028C099 /* LaunchScreen.storyboard */ = {
			isa = PBXVariantGroup;
			children = (
				3C8C540F1D4C57AB0028C099 /* Base */,
			);
			name = LaunchScreen.storyboard;
			sourceTree = "<group>";
		};
/* End PBXVariantGroup section */

/* Begin XCBuildConfiguration section */
		3C8C541D1D4C57AB0028C099 /* Debug */ = {
			isa = XCBuildConfiguration;
			buildSettings = {
				ALWAYS_SEARCH_USER_PATHS = NO;
				CLANG_ANALYZER_NONNULL = YES;
				CLANG_CXX_LANGUAGE_STANDARD = "gnu++0x";
				CLANG_CXX_LIBRARY = "libc++";
				CLANG_ENABLE_MODULES = YES;
				CLANG_ENABLE_OBJC_ARC = YES;
				CLANG_WARN_BOOL_CONVERSION = YES;
				CLANG_WARN_CONSTANT_CONVERSION = YES;
				CLANG_WARN_DIRECT_OBJC_ISA_USAGE = YES_ERROR;
				CLANG_WARN_EMPTY_BODY = YES;
				CLANG_WARN_ENUM_CONVERSION = YES;
				CLANG_WARN_INT_CONVERSION = YES;
				CLANG_WARN_OBJC_ROOT_CLASS = YES_ERROR;
				CLANG_WARN_UNREACHABLE_CODE = YES;
				CLANG_WARN__DUPLICATE_METHOD_MATCH = YES;
				"CODE_SIGN_IDENTITY[sdk=iphoneos*]" = "iPhone Developer";
				COPY_PHASE_STRIP = NO;
				DEBUG_INFORMATION_FORMAT = dwarf;
				ENABLE_STRICT_OBJC_MSGSEND = YES;
				ENABLE_TESTABILITY = YES;
				GCC_C_LANGUAGE_STANDARD = gnu99;
				GCC_DYNAMIC_NO_PIC = NO;
				GCC_NO_COMMON_BLOCKS = YES;
				GCC_OPTIMIZATION_LEVEL = 0;
				GCC_PREPROCESSOR_DEFINITIONS = (
					"DEBUG=1",
					"$(inherited)",
				);
				GCC_WARN_64_TO_32_BIT_CONVERSION = YES;
				GCC_WARN_ABOUT_RETURN_TYPE = YES_ERROR;
				GCC_WARN_UNDECLARED_SELECTOR = YES;
				GCC_WARN_UNINITIALIZED_AUTOS = YES_AGGRESSIVE;
				GCC_WARN_UNUSED_FUNCTION = YES;
				GCC_WARN_UNUSED_VARIABLE = YES;
				IPHONEOS_DEPLOYMENT_TARGET = 9.3;
				MTL_ENABLE_DEBUG_INFO = YES;
				ONLY_ACTIVE_ARCH = YES;
				SDKROOT = iphoneos;
				SWIFT_OPTIMIZATION_LEVEL = "-Onone";
			};
			name = Debug;
		};
		3C8C541E1D4C57AB0028C099 /* Release */ = {
			isa = XCBuildConfiguration;
			buildSettings = {
				ALWAYS_SEARCH_USER_PATHS = NO;
				CLANG_ANALYZER_NONNULL = YES;
				CLANG_CXX_LANGUAGE_STANDARD = "gnu++0x";
				CLANG_CXX_LIBRARY = "libc++";
				CLANG_ENABLE_MODULES = YES;
				CLANG_ENABLE_OBJC_ARC = YES;
				CLANG_WARN_BOOL_CONVERSION = YES;
				CLANG_WARN_CONSTANT_CONVERSION = YES;
				CLANG_WARN_DIRECT_OBJC_ISA_USAGE = YES_ERROR;
				CLANG_WARN_EMPTY_BODY = YES;
				CLANG_WARN_ENUM_CONVERSION = YES;
				CLANG_WARN_INT_CONVERSION = YES;
				CLANG_WARN_OBJC_ROOT_CLASS = YES_ERROR;
				CLANG_WARN_UNREACHABLE_CODE = YES;
				CLANG_WARN__DUPLICATE_METHOD_MATCH = YES;
				"CODE_SIGN_IDENTITY[sdk=iphoneos*]" = "iPhone Developer";
				COPY_PHASE_STRIP = NO;
				DEBUG_INFORMATION_FORMAT = "dwarf-with-dsym";
				ENABLE_NS_ASSERTIONS = NO;
				ENABLE_STRICT_OBJC_MSGSEND = YES;
				GCC_C_LANGUAGE_STANDARD = gnu99;
				GCC_NO_COMMON_BLOCKS = YES;
				GCC_WARN_64_TO_32_BIT_CONVERSION = YES;
				GCC_WARN_ABOUT_RETURN_TYPE = YES_ERROR;
				GCC_WARN_UNDECLARED_SELECTOR = YES;
				GCC_WARN_UNINITIALIZED_AUTOS = YES_AGGRESSIVE;
				GCC_WARN_UNUSED_FUNCTION = YES;
				GCC_WARN_UNUSED_VARIABLE = YES;
				IPHONEOS_DEPLOYMENT_TARGET = 9.3;
				MTL_ENABLE_DEBUG_INFO = NO;
				SDKROOT = iphoneos;
				VALIDATE_PRODUCT = YES;
			};
			name = Release;
		};
		3C8C54201D4C57AB0028C099 /* Debug */ = {
			isa = XCBuildConfiguration;
			baseConfigurationReference = 3317C046E3F8AD7CA4DDD5C8 /* Pods-TuneOut.debug.xcconfig */;
			buildSettings = {
				ASSETCATALOG_COMPILER_APPICON_NAME = AppIcon;
				CODE_SIGN_IDENTITY = "iPhone Developer";
				"CODE_SIGN_IDENTITY[sdk=iphoneos*]" = "iPhone Developer";
				INFOPLIST_FILE = TICodeChallenge/Info.plist;
				LD_RUNPATH_SEARCH_PATHS = "$(inherited) @executable_path/Frameworks";
				PRODUCT_BUNDLE_IDENTIFIER = com.SQuareElan.TICodeChallenge;
				PRODUCT_NAME = TuneOut;
				PROVISIONING_PROFILE = "";
			};
			name = Debug;
		};
		3C8C54211D4C57AB0028C099 /* Release */ = {
			isa = XCBuildConfiguration;
			baseConfigurationReference = 77B434331299FFBE4DF83E6B /* Pods-TuneOut.release.xcconfig */;
			buildSettings = {
				ASSETCATALOG_COMPILER_APPICON_NAME = AppIcon;
				CODE_SIGN_IDENTITY = "iPhone Developer";
				"CODE_SIGN_IDENTITY[sdk=iphoneos*]" = "iPhone Developer";
				INFOPLIST_FILE = TICodeChallenge/Info.plist;
				LD_RUNPATH_SEARCH_PATHS = "$(inherited) @executable_path/Frameworks";
				PRODUCT_BUNDLE_IDENTIFIER = com.SQuareElan.TICodeChallenge;
				PRODUCT_NAME = TuneOut;
				PROVISIONING_PROFILE = "";
				SWIFT_OPTIMIZATION_LEVEL = "-Owholemodule";
			};
			name = Release;
		};
		3C8C54231D4C57AB0028C099 /* Debug */ = {
			isa = XCBuildConfiguration;
			baseConfigurationReference = 55E1EC62A3F956C76ADBFFFD /* Pods-TuneOutTests.debug.xcconfig */;
			buildSettings = {
				BUNDLE_LOADER = "$(TEST_HOST)";
				INFOPLIST_FILE = TICodeChallengeTests/Info.plist;
				LD_RUNPATH_SEARCH_PATHS = "$(inherited) @executable_path/Frameworks @loader_path/Frameworks";
				PRODUCT_BUNDLE_IDENTIFIER = com.SQuareElan.TICodeChallengeTests;
				PRODUCT_NAME = TuneOut;
				TEST_HOST = "$(BUILT_PRODUCTS_DIR)/TuneOut.app/TuneOut";
			};
			name = Debug;
		};
		3C8C54241D4C57AB0028C099 /* Release */ = {
			isa = XCBuildConfiguration;
			baseConfigurationReference = 03B3BCDE6D7714ADF4F845A2 /* Pods-TuneOutTests.release.xcconfig */;
			buildSettings = {
				BUNDLE_LOADER = "$(TEST_HOST)";
				INFOPLIST_FILE = TICodeChallengeTests/Info.plist;
				LD_RUNPATH_SEARCH_PATHS = "$(inherited) @executable_path/Frameworks @loader_path/Frameworks";
				PRODUCT_BUNDLE_IDENTIFIER = com.SQuareElan.TICodeChallengeTests;
				PRODUCT_NAME = TuneOut;
				TEST_HOST = "$(BUILT_PRODUCTS_DIR)/TuneOut.app/TuneOut";
			};
			name = Release;
		};
/* End XCBuildConfiguration section */

/* Begin XCConfigurationList section */
		3C8C53FD1D4C57AB0028C099 /* Build configuration list for PBXProject "TuneOut" */ = {
			isa = XCConfigurationList;
			buildConfigurations = (
				3C8C541D1D4C57AB0028C099 /* Debug */,
				3C8C541E1D4C57AB0028C099 /* Release */,
			);
			defaultConfigurationIsVisible = 0;
			defaultConfigurationName = Release;
		};
		3C8C541F1D4C57AB0028C099 /* Build configuration list for PBXNativeTarget "TuneOut" */ = {
			isa = XCConfigurationList;
			buildConfigurations = (
				3C8C54201D4C57AB0028C099 /* Debug */,
				3C8C54211D4C57AB0028C099 /* Release */,
			);
			defaultConfigurationIsVisible = 0;
			defaultConfigurationName = Release;
		};
		3C8C54221D4C57AB0028C099 /* Build configuration list for PBXNativeTarget "TuneOutTests" */ = {
			isa = XCConfigurationList;
			buildConfigurations = (
				3C8C54231D4C57AB0028C099 /* Debug */,
				3C8C54241D4C57AB0028C099 /* Release */,
			);
			defaultConfigurationIsVisible = 0;
			defaultConfigurationName = Release;
		};
/* End XCConfigurationList section */
	};
	rootObject = 3C8C53FA1D4C57AB0028C099 /* Project object */;
}
